
Microsoft Visual Studio Solution File, Format Version 12.00
# Visual Studio Version 17
VisualStudioVersion = 17.3.32929.385
MinimumVisualStudioVersion = 10.0.40219.1
Project("{FAE04EC0-301F-11D3-BF4B-00C04F79EFBC}") = "ClassLibrary", "ClassLibrary\ClassLibrary.csproj", "{26442481-1247-4280-BE90-622D1D9A0440}"
EndProject
Project("{FAE04EC0-301F-11D3-BF4B-00C04F79EFBC}") = "Shoess", "Shoess\Shoess.csproj", "{815CDD74-725A-4F81-9A26-64373579FB02}"
EndProject
Global
	GlobalSection(SolutionConfigurationPlatforms) = preSolution
		Debug|Any CPU = Debug|Any CPU
		Release|Any CPU = Release|Any CPU
	EndGlobalSection
	GlobalSection(ProjectConfigurationPlatforms) = postSolution
		{26442481-1247-4280-BE90-622D1D9A0440}.Debug|Any CPU.ActiveCfg = Debug|Any CPU
		{26442481-1247-4280-BE90-622D1D9A0440}.Debug|Any CPU.Build.0 = Debug|Any CPU
		{26442481-1247-4280-BE90-622D1D9A0440}.Release|Any CPU.ActiveCfg = Release|Any CPU
		{26442481-1247-4280-BE90-622D1D9A0440}.Release|Any CPU.Build.0 = Release|Any CPU
		{815CDD74-725A-4F81-9A26-64373579FB02}.Debug|Any CPU.ActiveCfg = Debug|Any CPU
		{815CDD74-725A-4F81-9A26-64373579FB02}.Debug|Any CPU.Build.0 = Debug|Any CPU
		{815CDD74-725A-4F81-9A26-64373579FB02}.Release|Any CPU.ActiveCfg = Release|Any CPU
		{815CDD74-725A-4F81-9A26-64373579FB02}.Release|Any CPU.Build.0 = Release|Any CPU
	EndGlobalSection
	GlobalSection(SolutionProperties) = preSolution
		HideSolutionNode = FALSE
	EndGlobalSection
	GlobalSection(ExtensibilityGlobals) = postSolution
		SolutionGuid = {0AF3757D-737D-42FE-A32F-62C22D48EF26}
	EndGlobalSection
EndGlobal
